
Microsoft Visual Studio Solution File, Format Version 12.00
# Visual Studio 15
VisualStudioVersion = 15.0.27428.2015
MinimumVisualStudioVersion = 10.0.40219.1
Project("{8BC9CEB8-8B4A-11D0-8D11-00A0C91BC942}") = "SynthCPP", "SynthCPP\SynthCPP.vcxproj", "{CAF85C4D-9B19-4973-8BC9-718C50DDC205}"
EndProject
Global
	GlobalSection(SolutionConfigurationPlatforms) = preSolution
		Debug|x64 = Debug|x64
		Debug|x86 = Debug|x86
		Release|x64 = Release|x64
		Release|x86 = Release|x86
	EndGlobalSection
	GlobalSection(ProjectConfigurationPlatforms) = postSolution
		{CAF85C4D-9B19-4973-8BC9-718C50DDC205}.Debug|x64.ActiveCfg = Debug|x64
		{CAF85C4D-9B19-4973-8BC9-718C50DDC205}.Debug|x64.Build.0 = Debug|x64
		{CAF85C4D-9B19-4973-8BC9-718C50DDC205}.Debug|x86.ActiveCfg = Debug|Win32
		{CAF85C4D-9B19-4973-8BC9-718C50DDC205}.Debug|x86.Build.0 = Debug|Win32
		{CAF85C4D-9B19-4973-8BC9-718C50DDC205}.Release|x64.ActiveCfg = Release|x64
		{CAF85C4D-9B19-4973-8BC9-718C50DDC205}.Release|x64.Build.0 = Release|x64
		{CAF85C4D-9B19-4973-8BC9-718C50DDC205}.Release|x86.ActiveCfg = Release|Win32
		{CAF85C4D-9B19-4973-8BC9-718C50DDC205}.Release|x86.Build.0 = Release|Win32
	EndGlobalSection
	GlobalSection(SolutionProperties) = preSolution
		HideSolutionNode = FALSE
	EndGlobalSection
	GlobalSection(ExtensibilityGlobals) = postSolution
		SolutionGuid = {D435437E-1FC8-4724-A851-3C0D223BD7C1}
	EndGlobalSection
EndGlobal
